
Microsoft Visual Studio Solution File, Format Version 12.00
# Visual Studio Version 17
VisualStudioVersion = 17.5.33424.131
MinimumVisualStudioVersion = 10.0.40219.1
Project("{FAE04EC0-301F-11D3-BF4B-00C04F79EFBC}") = "CommBank", "CommBank-Server\CommBank.csproj", "{8CA79A33-1C65-4E35-8C43-E5D7D86F91BE}"
EndProject
Project("{FAE04EC0-301F-11D3-BF4B-00C04F79EFBC}") = "CommBank.Tests", "CommBank.Tests\CommBank.Tests.csproj", "{7402BDB7-7021-4C7C-AEF4-F592FB605913}"
EndProject
Global
	GlobalSection(SolutionConfigurationPlatforms) = preSolution
		Debug|Any CPU = Debug|Any CPU
		Release|Any CPU = Release|Any CPU
	EndGlobalSection
	GlobalSection(ProjectConfigurationPlatforms) = postSolution
		{8CA79A33-1C65-4E35-8C43-E5D7D86F91BE}.Debug|Any CPU.ActiveCfg = Debug|Any CPU
		{8CA79A33-1C65-4E35-8C43-E5D7D86F91BE}.Debug|Any CPU.Build.0 = Debug|Any CPU
		{8CA79A33-1C65-4E35-8C43-E5D7D86F91BE}.Release|Any CPU.ActiveCfg = Release|Any CPU
		{8CA79A33-1C65-4E35-8C43-E5D7D86F91BE}.Release|Any CPU.Build.0 = Release|Any CPU
		{7402BDB7-7021-4C7C-AEF4-F592FB605913}.Debug|Any CPU.ActiveCfg = Debug|Any CPU
		{7402BDB7-7021-4C7C-AEF4-F592FB605913}.Debug|Any CPU.Build.0 = Debug|Any CPU
		{7402BDB7-7021-4C7C-AEF4-F592FB605913}.Release|Any CPU.ActiveCfg = Release|Any CPU
		{7402BDB7-7021-4C7C-AEF4-F592FB605913}.Release|Any CPU.Build.0 = Release|Any CPU
	EndGlobalSection
	GlobalSection(SolutionProperties) = preSolution
		HideSolutionNode = FALSE
	EndGlobalSection
	GlobalSection(ExtensibilityGlobals) = postSolution
		SolutionGuid = {A44FD7C9-DD3A-47AF-ABDA-0A7313C4512E}
	EndGlobalSection
EndGlobal
